
Microsoft Visual Studio Solution File, Format Version 12.00
# Visual Studio Version 16
VisualStudioVersion = 16.0.31829.152
MinimumVisualStudioVersion = 10.0.40219.1
Project("{FAE04EC0-301F-11D3-BF4B-00C04F79EFBC}") = "Lab4Aula1Classes", "Lab4Aula1Classes\Lab4Aula1Classes.csproj", "{5D430B22-6BA8-48C7-9EDD-CD4C8F7A2473}"
EndProject
Global
	GlobalSection(SolutionConfigurationPlatforms) = preSolution
		Debug|Any CPU = Debug|Any CPU
		Release|Any CPU = Release|Any CPU
	EndGlobalSection
	GlobalSection(ProjectConfigurationPlatforms) = postSolution
		{5D430B22-6BA8-48C7-9EDD-CD4C8F7A2473}.Debug|Any CPU.ActiveCfg = Debug|Any CPU
		{5D430B22-6BA8-48C7-9EDD-CD4C8F7A2473}.Debug|Any CPU.Build.0 = Debug|Any CPU
		{5D430B22-6BA8-48C7-9EDD-CD4C8F7A2473}.Release|Any CPU.ActiveCfg = Release|Any CPU
		{5D430B22-6BA8-48C7-9EDD-CD4C8F7A2473}.Release|Any CPU.Build.0 = Release|Any CPU
	EndGlobalSection
	GlobalSection(SolutionProperties) = preSolution
		HideSolutionNode = FALSE
	EndGlobalSection
	GlobalSection(ExtensibilityGlobals) = postSolution
		SolutionGuid = {B6EB8FC8-3990-4B38-A007-4EE1A99C5E17}
	EndGlobalSection
EndGlobal
